// !$*UTF8*$!
{
	archiveVersion = 1;
	classes = {
	};
	objectVersion = 55;
	objects = {

/* Begin PBXBuildFile section */
		721083C6279E0EF800244A8D /* HomePresenter.swift in Sources */ = {isa = PBXBuildFile; fileRef = 721083C5279E0EF800244A8D /* HomePresenter.swift */; };
		721083C9279E0F0600244A8D /* HomeViewController.swift in Sources */ = {isa = PBXBuildFile; fileRef = 721083C7279E0F0600244A8D /* HomeViewController.swift */; };
		721083CA279E0F0600244A8D /* HomeViewController.xib in Resources */ = {isa = PBXBuildFile; fileRef = 721083C8279E0F0600244A8D /* HomeViewController.xib */; };
		721083CF279E0F5900244A8D /* ProfilePresenter.swift in Sources */ = {isa = PBXBuildFile; fileRef = 721083CE279E0F5900244A8D /* ProfilePresenter.swift */; };
		721083D2279E0F6700244A8D /* ProfileViewController.swift in Sources */ = {isa = PBXBuildFile; fileRef = 721083D0279E0F6700244A8D /* ProfileViewController.swift */; };
		721083D3279E0F6700244A8D /* ProfileViewController.xib in Resources */ = {isa = PBXBuildFile; fileRef = 721083D1279E0F6700244A8D /* ProfileViewController.xib */; };
		7223FE1B279E175200BCA23E /* DetailFilmCollectionViewCell.swift in Sources */ = {isa = PBXBuildFile; fileRef = 7223FE19279E175200BCA23E /* DetailFilmCollectionViewCell.swift */; };
		7223FE1C279E175200BCA23E /* DetailFilmCollectionViewCell.xib in Resources */ = {isa = PBXBuildFile; fileRef = 7223FE1A279E175200BCA23E /* DetailFilmCollectionViewCell.xib */; };
		7223FE21279E48D900BCA23E /* DetailMovieViewController.swift in Sources */ = {isa = PBXBuildFile; fileRef = 7223FE1F279E48D900BCA23E /* DetailMovieViewController.swift */; };
		7223FE22279E48D900BCA23E /* DetailMovieViewController.xib in Resources */ = {isa = PBXBuildFile; fileRef = 7223FE20279E48D900BCA23E /* DetailMovieViewController.xib */; };
		7223FE25279E537A00BCA23E /* UIImageViewExtension.swift in Sources */ = {isa = PBXBuildFile; fileRef = 7223FE24279E537A00BCA23E /* UIImageViewExtension.swift */; };
		7223FE28279E81E800BCA23E /* RealmSwift in Frameworks */ = {isa = PBXBuildFile; productRef = 7223FE27279E81E800BCA23E /* RealmSwift */; };
		72878B59279D0CF7001616B3 /* AppDelegate.swift in Sources */ = {isa = PBXBuildFile; fileRef = 72878B58279D0CF7001616B3 /* AppDelegate.swift */; };
		72878B5B279D0CF7001616B3 /* SceneDelegate.swift in Sources */ = {isa = PBXBuildFile; fileRef = 72878B5A279D0CF7001616B3 /* SceneDelegate.swift */; };
		72878B62279D0CF8001616B3 /* Assets.xcassets in Resources */ = {isa = PBXBuildFile; fileRef = 72878B61279D0CF8001616B3 /* Assets.xcassets */; };
		72878B65279D0CF8001616B3 /* LaunchScreen.storyboard in Resources */ = {isa = PBXBuildFile; fileRef = 72878B63279D0CF8001616B3 /* LaunchScreen.storyboard */; };
		72878B73279D0DE0001616B3 /* LoginViewController.swift in Sources */ = {isa = PBXBuildFile; fileRef = 72878B71279D0DE0001616B3 /* LoginViewController.swift */; };
		72878B74279D0DE0001616B3 /* LoginViewController.xib in Resources */ = {isa = PBXBuildFile; fileRef = 72878B72279D0DE0001616B3 /* LoginViewController.xib */; };
		72878B76279D104F001616B3 /* NetworkManager.swift in Sources */ = {isa = PBXBuildFile; fileRef = 72878B75279D104F001616B3 /* NetworkManager.swift */; };
		72878B79279D1177001616B3 /* ModelsRequest.swift in Sources */ = {isa = PBXBuildFile; fileRef = 72878B78279D1177001616B3 /* ModelsRequest.swift */; };
		72878B7B279D1630001616B3 /* PresenterLogin.swift in Sources */ = {isa = PBXBuildFile; fileRef = 72878B7A279D1630001616B3 /* PresenterLogin.swift */; };
		72878B7E279D1EDA001616B3 /* BaseViewController.swift in Sources */ = {isa = PBXBuildFile; fileRef = 72878B7D279D1EDA001616B3 /* BaseViewController.swift */; };
/* End PBXBuildFile section */

/* Begin PBXFileReference section */
		721083C5279E0EF800244A8D /* HomePresenter.swift */ = {isa = PBXFileReference; lastKnownFileType = sourcecode.swift; path = HomePresenter.swift; sourceTree = "<group>"; };
		721083C7279E0F0600244A8D /* HomeViewController.swift */ = {isa = PBXFileReference; lastKnownFileType = sourcecode.swift; path = HomeViewController.swift; sourceTree = "<group>"; };
		721083C8279E0F0600244A8D /* HomeViewController.xib */ = {isa = PBXFileReference; lastKnownFileType = file.xib; path = HomeViewController.xib; sourceTree = "<group>"; };
		721083CE279E0F5900244A8D /* ProfilePresenter.swift */ = {isa = PBXFileReference; lastKnownFileType = sourcecode.swift; path = ProfilePresenter.swift; sourceTree = "<group>"; };
		721083D0279E0F6700244A8D /* ProfileViewController.swift */ = {isa = PBXFileReference; lastKnownFileType = sourcecode.swift; path = ProfileViewController.swift; sourceTree = "<group>"; };
		721083D1279E0F6700244A8D /* ProfileViewController.xib */ = {isa = PBXFileReference; lastKnownFileType = file.xib; path = ProfileViewController.xib; sourceTree = "<group>"; };
		7223FE19279E175200BCA23E /* DetailFilmCollectionViewCell.swift */ = {isa = PBXFileReference; lastKnownFileType = sourcecode.swift; path = DetailFilmCollectionViewCell.swift; sourceTree = "<group>"; };
		7223FE1A279E175200BCA23E /* DetailFilmCollectionViewCell.xib */ = {isa = PBXFileReference; lastKnownFileType = file.xib; path = DetailFilmCollectionViewCell.xib; sourceTree = "<group>"; };
		7223FE1F279E48D900BCA23E /* DetailMovieViewController.swift */ = {isa = PBXFileReference; lastKnownFileType = sourcecode.swift; path = DetailMovieViewController.swift; sourceTree = "<group>"; };
		7223FE20279E48D900BCA23E /* DetailMovieViewController.xib */ = {isa = PBXFileReference; lastKnownFileType = file.xib; path = DetailMovieViewController.xib; sourceTree = "<group>"; };
		7223FE24279E537A00BCA23E /* UIImageViewExtension.swift */ = {isa = PBXFileReference; lastKnownFileType = sourcecode.swift; path = UIImageViewExtension.swift; sourceTree = "<group>"; };
		72878B55279D0CF7001616B3 /* PruebaCoppel.app */ = {isa = PBXFileReference; explicitFileType = wrapper.application; includeInIndex = 0; path = PruebaCoppel.app; sourceTree = BUILT_PRODUCTS_DIR; };
		72878B58279D0CF7001616B3 /* AppDelegate.swift */ = {isa = PBXFileReference; lastKnownFileType = sourcecode.swift; path = AppDelegate.swift; sourceTree = "<group>"; };
		72878B5A279D0CF7001616B3 /* SceneDelegate.swift */ = {isa = PBXFileReference; lastKnownFileType = sourcecode.swift; path = SceneDelegate.swift; sourceTree = "<group>"; };
		72878B61279D0CF8001616B3 /* Assets.xcassets */ = {isa = PBXFileReference; lastKnownFileType = folder.assetcatalog; path = Assets.xcassets; sourceTree = "<group>"; };
		72878B64279D0CF8001616B3 /* Base */ = {isa = PBXFileReference; lastKnownFileType = file.storyboard; name = Base; path = Base.lproj/LaunchScreen.storyboard; sourceTree = "<group>"; };
		72878B66279D0CF8001616B3 /* Info.plist */ = {isa = PBXFileReference; lastKnownFileType = text.plist.xml; path = Info.plist; sourceTree = "<group>"; };
		72878B71279D0DE0001616B3 /* LoginViewController.swift */ = {isa = PBXFileReference; lastKnownFileType = sourcecode.swift; path = LoginViewController.swift; sourceTree = "<group>"; };
		72878B72279D0DE0001616B3 /* LoginViewController.xib */ = {isa = PBXFileReference; lastKnownFileType = file.xib; path = LoginViewController.xib; sourceTree = "<group>"; };
		72878B75279D104F001616B3 /* NetworkManager.swift */ = {isa = PBXFileReference; lastKnownFileType = sourcecode.swift; path = NetworkManager.swift; sourceTree = "<group>"; };
		72878B78279D1177001616B3 /* ModelsRequest.swift */ = {isa = PBXFileReference; lastKnownFileType = sourcecode.swift; path = ModelsRequest.swift; sourceTree = "<group>"; };
		72878B7A279D1630001616B3 /* PresenterLogin.swift */ = {isa = PBXFileReference; lastKnownFileType = sourcecode.swift; path = PresenterLogin.swift; sourceTree = "<group>"; };
		72878B7D279D1EDA001616B3 /* BaseViewController.swift */ = {isa = PBXFileReference; lastKnownFileType = sourcecode.swift; path = BaseViewController.swift; sourceTree = "<group>"; };
/* End PBXFileReference section */

/* Begin PBXFrameworksBuildPhase section */
		72878B52279D0CF7001616B3 /* Frameworks */ = {
			isa = PBXFrameworksBuildPhase;
			buildActionMask = 2147483647;
			files = (
				7223FE28279E81E800BCA23E /* RealmSwift in Frameworks */,
			);
			runOnlyForDeploymentPostprocessing = 0;
		};
/* End PBXFrameworksBuildPhase section */

/* Begin PBXGroup section */
		721083C2279E0E6100244A8D /* Home */ = {
			isa = PBXGroup;
			children = (
				721083C4279E0EE800244A8D /* Presenter */,
				721083C3279E0EE200244A8D /* View */,
			);
			path = Home;
			sourceTree = "<group>";
		};
		721083C3279E0EE200244A8D /* View */ = {
			isa = PBXGroup;
			children = (
				7223FE18279E173900BCA23E /* Cells */,
				721083C7279E0F0600244A8D /* HomeViewController.swift */,
				721083C8279E0F0600244A8D /* HomeViewController.xib */,
			);
			path = View;
			sourceTree = "<group>";
		};
		721083C4279E0EE800244A8D /* Presenter */ = {
			isa = PBXGroup;
			children = (
				721083C5279E0EF800244A8D /* HomePresenter.swift */,
			);
			path = Presenter;
			sourceTree = "<group>";
		};
		721083CB279E0F1D00244A8D /* Profile */ = {
			isa = PBXGroup;
			children = (
				721083CD279E0F4100244A8D /* Presenter */,
				721083CC279E0F3400244A8D /* View */,
			);
			path = Profile;
			sourceTree = "<group>";
		};
		721083CC279E0F3400244A8D /* View */ = {
			isa = PBXGroup;
			children = (
				721083D0279E0F6700244A8D /* ProfileViewController.swift */,
				721083D1279E0F6700244A8D /* ProfileViewController.xib */,
			);
			path = View;
			sourceTree = "<group>";
		};
		721083CD279E0F4100244A8D /* Presenter */ = {
			isa = PBXGroup;
			children = (
				721083CE279E0F5900244A8D /* ProfilePresenter.swift */,
			);
			path = Presenter;
			sourceTree = "<group>";
		};
		7223FE18279E173900BCA23E /* Cells */ = {
			isa = PBXGroup;
			children = (
				7223FE19279E175200BCA23E /* DetailFilmCollectionViewCell.swift */,
				7223FE1A279E175200BCA23E /* DetailFilmCollectionViewCell.xib */,
			);
			path = Cells;
			sourceTree = "<group>";
		};
		7223FE1D279E48B000BCA23E /* DetailMovie */ = {
			isa = PBXGroup;
			children = (
				7223FE1E279E48BF00BCA23E /* View */,
			);
			path = DetailMovie;
			sourceTree = "<group>";
		};
		7223FE1E279E48BF00BCA23E /* View */ = {
			isa = PBXGroup;
			children = (
				7223FE1F279E48D900BCA23E /* DetailMovieViewController.swift */,
				7223FE20279E48D900BCA23E /* DetailMovieViewController.xib */,
			);
			path = View;
			sourceTree = "<group>";
		};
		7223FE23279E535D00BCA23E /* Extension */ = {
			isa = PBXGroup;
			children = (
				7223FE24279E537A00BCA23E /* UIImageViewExtension.swift */,
			);
			path = Extension;
			sourceTree = "<group>";
		};
		72878B4C279D0CF7001616B3 = {
			isa = PBXGroup;
			children = (
				72878B57279D0CF7001616B3 /* PruebaCoppel */,
				72878B56279D0CF7001616B3 /* Products */,
			);
			sourceTree = "<group>";
		};
		72878B56279D0CF7001616B3 /* Products */ = {
			isa = PBXGroup;
			children = (
				72878B55279D0CF7001616B3 /* PruebaCoppel.app */,
			);
			name = Products;
			sourceTree = "<group>";
		};
		72878B57279D0CF7001616B3 /* PruebaCoppel */ = {
			isa = PBXGroup;
			children = (
				72878B6C279D0D82001616B3 /* Network */,
				72878B7C279D1ECC001616B3 /* Commons */,
				72878B77279D115F001616B3 /* Models */,
				72878B6E279D0D9F001616B3 /* Login */,
				721083C2279E0E6100244A8D /* Home */,
				721083CB279E0F1D00244A8D /* Profile */,
				7223FE1D279E48B000BCA23E /* DetailMovie */,
				72878B58279D0CF7001616B3 /* AppDelegate.swift */,
				72878B5A279D0CF7001616B3 /* SceneDelegate.swift */,
				72878B61279D0CF8001616B3 /* Assets.xcassets */,
				72878B63279D0CF8001616B3 /* LaunchScreen.storyboard */,
				72878B66279D0CF8001616B3 /* Info.plist */,
			);
			path = PruebaCoppel;
			sourceTree = "<group>";
		};
		72878B6C279D0D82001616B3 /* Network */ = {
			isa = PBXGroup;
			children = (
				72878B75279D104F001616B3 /* NetworkManager.swift */,
			);
			path = Network;
			sourceTree = "<group>";
		};
		72878B6E279D0D9F001616B3 /* Login */ = {
			isa = PBXGroup;
			children = (
				72878B70279D0DB0001616B3 /* Presenter */,
				72878B6F279D0DAA001616B3 /* View */,
			);
			path = Login;
			sourceTree = "<group>";
		};
		72878B6F279D0DAA001616B3 /* View */ = {
			isa = PBXGroup;
			children = (
				72878B71279D0DE0001616B3 /* LoginViewController.swift */,
				72878B72279D0DE0001616B3 /* LoginViewController.xib */,
			);
			path = View;
			sourceTree = "<group>";
		};
		72878B70279D0DB0001616B3 /* Presenter */ = {
			isa = PBXGroup;
			children = (
				72878B7A279D1630001616B3 /* PresenterLogin.swift */,
			);
			path = Presenter;
			sourceTree = "<group>";
		};
		72878B77279D115F001616B3 /* Models */ = {
			isa = PBXGroup;
			children = (
				72878B78279D1177001616B3 /* ModelsRequest.swift */,
			);
			path = Models;
			sourceTree = "<group>";
		};
		72878B7C279D1ECC001616B3 /* Commons */ = {
			isa = PBXGroup;
			children = (
				7223FE23279E535D00BCA23E /* Extension */,
				72878B7D279D1EDA001616B3 /* BaseViewController.swift */,
			);
			path = Commons;
			sourceTree = "<group>";
		};
/* End PBXGroup section */

/* Begin PBXNativeTarget section */
		72878B54279D0CF7001616B3 /* PruebaCoppel */ = {
			isa = PBXNativeTarget;
			buildConfigurationList = 72878B69279D0CF8001616B3 /* Build configuration list for PBXNativeTarget "PruebaCoppel" */;
			buildPhases = (
				72878B51279D0CF7001616B3 /* Sources */,
				72878B52279D0CF7001616B3 /* Frameworks */,
				72878B53279D0CF7001616B3 /* Resources */,
			);
			buildRules = (
			);
			dependencies = (
			);
			name = PruebaCoppel;
			packageProductDependencies = (
				7223FE27279E81E800BCA23E /* RealmSwift */,
			);
			productName = PruebaCoppel;
			productReference = 72878B55279D0CF7001616B3 /* PruebaCoppel.app */;
			productType = "com.apple.product-type.application";
		};
/* End PBXNativeTarget section */

/* Begin PBXProject section */
		72878B4D279D0CF7001616B3 /* Project object */ = {
			isa = PBXProject;
			attributes = {
				BuildIndependentTargetsInParallel = 1;
				LastSwiftUpdateCheck = 1320;
				LastUpgradeCheck = 1320;
				TargetAttributes = {
					72878B54279D0CF7001616B3 = {
						CreatedOnToolsVersion = 13.2.1;
					};
				};
			};
			buildConfigurationList = 72878B50279D0CF7001616B3 /* Build configuration list for PBXProject "PruebaCoppel" */;
			compatibilityVersion = "Xcode 13.0";
			developmentRegion = en;
			hasScannedForEncodings = 0;
			knownRegions = (
				en,
				Base,
			);
			mainGroup = 72878B4C279D0CF7001616B3;
			packageReferences = (
				7223FE26279E81E800BCA23E /* XCRemoteSwiftPackageReference "realm-cocoa" */,
			);
			productRefGroup = 72878B56279D0CF7001616B3 /* Products */;
			projectDirPath = "";
			projectRoot = "";
			targets = (
				72878B54279D0CF7001616B3 /* PruebaCoppel */,
			);
		};
/* End PBXProject section */

/* Begin PBXResourcesBuildPhase section */
		72878B53279D0CF7001616B3 /* Resources */ = {
			isa = PBXResourcesBuildPhase;
			buildActionMask = 2147483647;
			files = (
				7223FE1C279E175200BCA23E /* DetailFilmCollectionViewCell.xib in Resources */,
				7223FE22279E48D900BCA23E /* DetailMovieViewController.xib in Resources */,
				72878B65279D0CF8001616B3 /* LaunchScreen.storyboard in Resources */,
				72878B62279D0CF8001616B3 /* Assets.xcassets in Resources */,
				72878B74279D0DE0001616B3 /* LoginViewController.xib in Resources */,
				721083D3279E0F6700244A8D /* ProfileViewController.xib in Resources */,
				721083CA279E0F0600244A8D /* HomeViewController.xib in Resources */,
			);
			runOnlyForDeploymentPostprocessing = 0;
		};
/* End PBXResourcesBuildPhase section */

/* Begin PBXSourcesBuildPhase section */
		72878B51279D0CF7001616B3 /* Sources */ = {
			isa = PBXSourcesBuildPhase;
			buildActionMask = 2147483647;
			files = (
				72878B76279D104F001616B3 /* NetworkManager.swift in Sources */,
				72878B73279D0DE0001616B3 /* LoginViewController.swift in Sources */,
				72878B7B279D1630001616B3 /* PresenterLogin.swift in Sources */,
				72878B59279D0CF7001616B3 /* AppDelegate.swift in Sources */,
				7223FE21279E48D900BCA23E /* DetailMovieViewController.swift in Sources */,
				72878B79279D1177001616B3 /* ModelsRequest.swift in Sources */,
				721083C9279E0F0600244A8D /* HomeViewController.swift in Sources */,
				721083D2279E0F6700244A8D /* ProfileViewController.swift in Sources */,
				7223FE25279E537A00BCA23E /* UIImageViewExtension.swift in Sources */,
				72878B7E279D1EDA001616B3 /* BaseViewController.swift in Sources */,
				72878B5B279D0CF7001616B3 /* SceneDelegate.swift in Sources */,
				721083CF279E0F5900244A8D /* ProfilePresenter.swift in Sources */,
				721083C6279E0EF800244A8D /* HomePresenter.swift in Sources */,
				7223FE1B279E175200BCA23E /* DetailFilmCollectionViewCell.swift in Sources */,
			);
			runOnlyForDeploymentPostprocessing = 0;
		};
/* End PBXSourcesBuildPhase section */

/* Begin PBXVariantGroup section */
		72878B63279D0CF8001616B3 /* LaunchScreen.storyboard */ = {
			isa = PBXVariantGroup;
			children = (
				72878B64279D0CF8001616B3 /* Base */,
			);
			name = LaunchScreen.storyboard;
			sourceTree = "<group>";
		};
/* End PBXVariantGroup section */

/* Begin XCBuildConfiguration section */
		72878B67279D0CF8001616B3 /* Debug */ = {
			isa = XCBuildConfiguration;
			buildSettings = {
				ALWAYS_SEARCH_USER_PATHS = NO;
				CLANG_ANALYZER_NONNULL = YES;
				CLANG_ANALYZER_NUMBER_OBJECT_CONVERSION = YES_AGGRESSIVE;
				CLANG_CXX_LANGUAGE_STANDARD = "gnu++17";
				CLANG_CXX_LIBRARY = "libc++";
				CLANG_ENABLE_MODULES = YES;
				CLANG_ENABLE_OBJC_ARC = YES;
				CLANG_ENABLE_OBJC_WEAK = YES;
				CLANG_WARN_BLOCK_CAPTURE_AUTORELEASING = YES;
				CLANG_WARN_BOOL_CONVERSION = YES;
				CLANG_WARN_COMMA = YES;
				CLANG_WARN_CONSTANT_CONVERSION = YES;
				CLANG_WARN_DEPRECATED_OBJC_IMPLEMENTATIONS = YES;
				CLANG_WARN_DIRECT_OBJC_ISA_USAGE = YES_ERROR;
				CLANG_WARN_DOCUMENTATION_COMMENTS = YES;
				CLANG_WARN_EMPTY_BODY = YES;
				CLANG_WARN_ENUM_CONVERSION = YES;
				CLANG_WARN_INFINITE_RECURSION = YES;
				CLANG_WARN_INT_CONVERSION = YES;
				CLANG_WARN_NON_LITERAL_NULL_CONVERSION = YES;
				CLANG_WARN_OBJC_IMPLICIT_RETAIN_SELF = YES;
				CLANG_WARN_OBJC_LITERAL_CONVERSION = YES;
				CLANG_WARN_OBJC_ROOT_CLASS = YES_ERROR;
				CLANG_WARN_QUOTED_INCLUDE_IN_FRAMEWORK_HEADER = YES;
				CLANG_WARN_RANGE_LOOP_ANALYSIS = YES;
				CLANG_WARN_STRICT_PROTOTYPES = YES;
				CLANG_WARN_SUSPICIOUS_MOVE = YES;
				CLANG_WARN_UNGUARDED_AVAILABILITY = YES_AGGRESSIVE;
				CLANG_WARN_UNREACHABLE_CODE = YES;
				CLANG_WARN__DUPLICATE_METHOD_MATCH = YES;
				COPY_PHASE_STRIP = NO;
				DEBUG_INFORMATION_FORMAT = dwarf;
				ENABLE_STRICT_OBJC_MSGSEND = YES;
				ENABLE_TESTABILITY = YES;
				GCC_C_LANGUAGE_STANDARD = gnu11;
				GCC_DYNAMIC_NO_PIC = NO;
				GCC_NO_COMMON_BLOCKS = YES;
				GCC_OPTIMIZATION_LEVEL = 0;
				GCC_PREPROCESSOR_DEFINITIONS = (
					"DEBUG=1",
					"$(inherited)",
				);
				GCC_WARN_64_TO_32_BIT_CONVERSION = YES;
				GCC_WARN_ABOUT_RETURN_TYPE = YES_ERROR;
				GCC_WARN_UNDECLARED_SELECTOR = YES;
				GCC_WARN_UNINITIALIZED_AUTOS = YES_AGGRESSIVE;
				GCC_WARN_UNUSED_FUNCTION = YES;
				GCC_WARN_UNUSED_VARIABLE = YES;
				IPHONEOS_DEPLOYMENT_TARGET = 15.2;
				MTL_ENABLE_DEBUG_INFO = INCLUDE_SOURCE;
				MTL_FAST_MATH = YES;
				ONLY_ACTIVE_ARCH = YES;
				SDKROOT = iphoneos;
				SWIFT_ACTIVE_COMPILATION_CONDITIONS = DEBUG;
				SWIFT_OPTIMIZATION_LEVEL = "-Onone";
			};
			name = Debug;
		};
		72878B68279D0CF8001616B3 /* Release */ = {
			isa = XCBuildConfiguration;
			buildSettings = {
				ALWAYS_SEARCH_USER_PATHS = NO;
				CLANG_ANALYZER_NONNULL = YES;
				CLANG_ANALYZER_NUMBER_OBJECT_CONVERSION = YES_AGGRESSIVE;
				CLANG_CXX_LANGUAGE_STANDARD = "gnu++17";
				CLANG_CXX_LIBRARY = "libc++";
				CLANG_ENABLE_MODULES = YES;
				CLANG_ENABLE_OBJC_ARC = YES;
				CLANG_ENABLE_OBJC_WEAK = YES;
				CLANG_WARN_BLOCK_CAPTURE_AUTORELEASING = YES;
				CLANG_WARN_BOOL_CONVERSION = YES;
				CLANG_WARN_COMMA = YES;
				CLANG_WARN_CONSTANT_CONVERSION = YES;
				CLANG_WARN_DEPRECATED_OBJC_IMPLEMENTATIONS = YES;
				CLANG_WARN_DIRECT_OBJC_ISA_USAGE = YES_ERROR;
				CLANG_WARN_DOCUMENTATION_COMMENTS = YES;
				CLANG_WARN_EMPTY_BODY = YES;
				CLANG_WARN_ENUM_CONVERSION = YES;
				CLANG_WARN_INFINITE_RECURSION = YES;
				CLANG_WARN_INT_CONVERSION = YES;
				CLANG_WARN_NON_LITERAL_NULL_CONVERSION = YES;
				CLANG_WARN_OBJC_IMPLICIT_RETAIN_SELF = YES;
				CLANG_WARN_OBJC_LITERAL_CONVERSION = YES;
				CLANG_WARN_OBJC_ROOT_CLASS = YES_ERROR;
				CLANG_WARN_QUOTED_INCLUDE_IN_FRAMEWORK_HEADER = YES;
				CLANG_WARN_RANGE_LOOP_ANALYSIS = YES;
				CLANG_WARN_STRICT_PROTOTYPES = YES;
				CLANG_WARN_SUSPICIOUS_MOVE = YES;
				CLANG_WARN_UNGUARDED_AVAILABILITY = YES_AGGRESSIVE;
				CLANG_WARN_UNREACHABLE_CODE = YES;
				CLANG_WARN__DUPLICATE_METHOD_MATCH = YES;
				COPY_PHASE_STRIP = NO;
				DEBUG_INFORMATION_FORMAT = "dwarf-with-dsym";
				ENABLE_NS_ASSERTIONS = NO;
				ENABLE_STRICT_OBJC_MSGSEND = YES;
				GCC_C_LANGUAGE_STANDARD = gnu11;
				GCC_NO_COMMON_BLOCKS = YES;
				GCC_WARN_64_TO_32_BIT_CONVERSION = YES;
				GCC_WARN_ABOUT_RETURN_TYPE = YES_ERROR;
				GCC_WARN_UNDECLARED_SELECTOR = YES;
				GCC_WARN_UNINITIALIZED_AUTOS = YES_AGGRESSIVE;
				GCC_WARN_UNUSED_FUNCTION = YES;
				GCC_WARN_UNUSED_VARIABLE = YES;
				IPHONEOS_DEPLOYMENT_TARGET = 15.2;
				MTL_ENABLE_DEBUG_INFO = NO;
				MTL_FAST_MATH = YES;
				SDKROOT = iphoneos;
				SWIFT_COMPILATION_MODE = wholemodule;
				SWIFT_OPTIMIZATION_LEVEL = "-O";
				VALIDATE_PRODUCT = YES;
			};
			name = Release;
		};
		72878B6A279D0CF8001616B3 /* Debug */ = {
			isa = XCBuildConfiguration;
			buildSettings = {
				ASSETCATALOG_COMPILER_APPICON_NAME = AppIcon;
				ASSETCATALOG_COMPILER_GLOBAL_ACCENT_COLOR_NAME = AccentColor;
				CODE_SIGN_STYLE = Automatic;
				CURRENT_PROJECT_VERSION = 1;
				DEVELOPMENT_TEAM = TXJ7W24BC8;
				GENERATE_INFOPLIST_FILE = YES;
				INFOPLIST_FILE = PruebaCoppel/Info.plist;
				INFOPLIST_KEY_UIApplicationSupportsIndirectInputEvents = YES;
				INFOPLIST_KEY_UILaunchStoryboardName = LaunchScreen;
				INFOPLIST_KEY_UISupportedInterfaceOrientations_iPad = "UIInterfaceOrientationPortrait UIInterfaceOrientationPortraitUpsideDown UIInterfaceOrientationLandscapeLeft UIInterfaceOrientationLandscapeRight";
				INFOPLIST_KEY_UISupportedInterfaceOrientations_iPhone = "UIInterfaceOrientationPortrait UIInterfaceOrientationLandscapeLeft UIInterfaceOrientationLandscapeRight";
				LD_RUNPATH_SEARCH_PATHS = (
					"$(inherited)",
					"@executable_path/Frameworks",
				);
				MARKETING_VERSION = 1.0;
				PRODUCT_BUNDLE_IDENTIFIER = com.gustavogutierrez.PruebaCoppel;
				PRODUCT_NAME = "$(TARGET_NAME)";
				SWIFT_EMIT_LOC_STRINGS = YES;
				SWIFT_VERSION = 5.0;
				TARGETED_DEVICE_FAMILY = "1,2";
			};
			name = Debug;
		};
		72878B6B279D0CF8001616B3 /* Release */ = {
			isa = XCBuildConfiguration;
			buildSettings = {
				ASSETCATALOG_COMPILER_APPICON_NAME = AppIcon;
				ASSETCATALOG_COMPILER_GLOBAL_ACCENT_COLOR_NAME = AccentColor;
				CODE_SIGN_STYLE = Automatic;
				CURRENT_PROJECT_VERSION = 1;
				DEVELOPMENT_TEAM = TXJ7W24BC8;
				GENERATE_INFOPLIST_FILE = YES;
				INFOPLIST_FILE = PruebaCoppel/Info.plist;
				INFOPLIST_KEY_UIApplicationSupportsIndirectInputEvents = YES;
				INFOPLIST_KEY_UILaunchStoryboardName = LaunchScreen;
				INFOPLIST_KEY_UISupportedInterfaceOrientations_iPad = "UIInterfaceOrientationPortrait UIInterfaceOrientationPortraitUpsideDown UIInterfaceOrientationLandscapeLeft UIInterfaceOrientationLandscapeRight";
				INFOPLIST_KEY_UISupportedInterfaceOrientations_iPhone = "UIInterfaceOrientationPortrait UIInterfaceOrientationLandscapeLeft UIInterfaceOrientationLandscapeRight";
				LD_RUNPATH_SEARCH_PATHS = (
					"$(inherited)",
					"@executable_path/Frameworks",
				);
				MARKETING_VERSION = 1.0;
				PRODUCT_BUNDLE_IDENTIFIER = com.gustavogutierrez.PruebaCoppel;
				PRODUCT_NAME = "$(TARGET_NAME)";
				SWIFT_EMIT_LOC_STRINGS = YES;
				SWIFT_VERSION = 5.0;
				TARGETED_DEVICE_FAMILY = "1,2";
			};
			name = Release;
		};
/* End XCBuildConfiguration section */

/* Begin XCConfigurationList section */
		72878B50279D0CF7001616B3 /* Build configuration list for PBXProject "PruebaCoppel" */ = {
			isa = XCConfigurationList;
			buildConfigurations = (
				72878B67279D0CF8001616B3 /* Debug */,
				72878B68279D0CF8001616B3 /* Release */,
			);
			defaultConfigurationIsVisible = 0;
			defaultConfigurationName = Release;
		};
		72878B69279D0CF8001616B3 /* Build configuration list for PBXNativeTarget "PruebaCoppel" */ = {
			isa = XCConfigurationList;
			buildConfigurations = (
				72878B6A279D0CF8001616B3 /* Debug */,
				72878B6B279D0CF8001616B3 /* Release */,
			);
			defaultConfigurationIsVisible = 0;
			defaultConfigurationName = Release;
		};
/* End XCConfigurationList section */

/* Begin XCRemoteSwiftPackageReference section */
		7223FE26279E81E800BCA23E /* XCRemoteSwiftPackageReference "realm-cocoa" */ = {
			isa = XCRemoteSwiftPackageReference;
			repositoryURL = "https://github.com/realm/realm-cocoa.git";
			requirement = {
				branch = master;
				kind = branch;
			};
		};
/* End XCRemoteSwiftPackageReference section */

/* Begin XCSwiftPackageProductDependency section */
		7223FE27279E81E800BCA23E /* RealmSwift */ = {
			isa = XCSwiftPackageProductDependency;
			package = 7223FE26279E81E800BCA23E /* XCRemoteSwiftPackageReference "realm-cocoa" */;
			productName = RealmSwift;
		};
/* End XCSwiftPackageProductDependency section */
	};
	rootObject = 72878B4D279D0CF7001616B3 /* Project object */;
}
